
Microsoft Visual Studio Solution File, Format Version 12.00
# Visual Studio Version 17
VisualStudioVersion = 17.13.35825.156 d17.13
MinimumVisualStudioVersion = 10.0.40219.1
Project("{FAE04EC0-301F-11D3-BF4B-00C04F79EFBC}") = "DataBase", "PriazovBackend\DataBase.csproj", "{83DB7574-CA3B-4B03-8473-2E6EF71B89D2}"
EndProject
Global
	GlobalSection(SolutionConfigurationPlatforms) = preSolution
		Debug|Any CPU = Debug|Any CPU
		Release|Any CPU = Release|Any CPU
	EndGlobalSection
	GlobalSection(ProjectConfigurationPlatforms) = postSolution
		{83DB7574-CA3B-4B03-8473-2E6EF71B89D2}.Debug|Any CPU.ActiveCfg = Debug|Any CPU
		{83DB7574-CA3B-4B03-8473-2E6EF71B89D2}.Debug|Any CPU.Build.0 = Debug|Any CPU
		{83DB7574-CA3B-4B03-8473-2E6EF71B89D2}.Release|Any CPU.ActiveCfg = Release|Any CPU
		{83DB7574-CA3B-4B03-8473-2E6EF71B89D2}.Release|Any CPU.Build.0 = Release|Any CPU
	EndGlobalSection
	GlobalSection(SolutionProperties) = preSolution
		HideSolutionNode = FALSE
	EndGlobalSection
	GlobalSection(ExtensibilityGlobals) = postSolution
		SolutionGuid = {350CE1F5-5770-4463-AC1C-34B21045997E}
	EndGlobalSection
EndGlobal
